
Microsoft Visual Studio Solution File, Format Version 12.00
# Visual Studio Version 16
VisualStudioVersion = 16.0.31729.503
MinimumVisualStudioVersion = 10.0.40219.1
Project("{FAE04EC0-301F-11D3-BF4B-00C04F79EFBC}") = "Test 2 git et cSharp", "Test 2 git et cSharp.csproj", "{72CE954A-3299-4E28-A1DE-E35B4451B10F}"
EndProject
Global
	GlobalSection(SolutionConfigurationPlatforms) = preSolution
		Debug|Any CPU = Debug|Any CPU
		Release|Any CPU = Release|Any CPU
	EndGlobalSection
	GlobalSection(ProjectConfigurationPlatforms) = postSolution
		{72CE954A-3299-4E28-A1DE-E35B4451B10F}.Debug|Any CPU.ActiveCfg = Debug|Any CPU
		{72CE954A-3299-4E28-A1DE-E35B4451B10F}.Debug|Any CPU.Build.0 = Debug|Any CPU
		{72CE954A-3299-4E28-A1DE-E35B4451B10F}.Release|Any CPU.ActiveCfg = Release|Any CPU
		{72CE954A-3299-4E28-A1DE-E35B4451B10F}.Release|Any CPU.Build.0 = Release|Any CPU
	EndGlobalSection
	GlobalSection(SolutionProperties) = preSolution
		HideSolutionNode = FALSE
	EndGlobalSection
	GlobalSection(ExtensibilityGlobals) = postSolution
		SolutionGuid = {78699C19-6DE9-422D-9B5A-AC8AB3CF28AA}
	EndGlobalSection
EndGlobal
